
Microsoft Visual Studio Solution File, Format Version 12.00
# Visual Studio 15
Project("{FAE04EC0-301F-11D3-BF4B-00C04F79EFBC}") = "project335", "project335\project335.csproj", "{6A8A116C-75EE-4D61-93D7-9E71B9E54C22}"
EndProject
Global
	GlobalSection(SolutionConfigurationPlatforms) = preSolution
		Debug|anycpu = Debug|anycpu
		Release|anycpu = Release|anycpu
	EndGlobalSection
	GlobalSection(ProjectConfigurationPlatforms) = postSolution
		{6A8A116C-75EE-4D61-93D7-9E71B9E54C22}.Debug|anycpu.ActiveCfg = Debug|anycpu
		{6A8A116C-75EE-4D61-93D7-9E71B9E54C22}.Debug|anycpu.Build.0 = Debug|anycpu
		{6A8A116C-75EE-4D61-93D7-9E71B9E54C22}.Release|anycpu.ActiveCfg = Release|anycpu
		{6A8A116C-75EE-4D61-93D7-9E71B9E54C22}.Release|anycpu.Build.0 = Release|anycpu
	EndGlobalSection
EndGlobal
