
Microsoft Visual Studio Solution File, Format Version 12.00
# Visual Studio 15
Project("{FAE04EC0-301F-11D3-BF4B-00C04F79EFBC}") = "test631", "test631\test631.csproj", "{251F3EC0-2E0D-43F3-99C6-4E92694009CC}"
EndProject
Global
	GlobalSection(SolutionConfigurationPlatforms) = preSolution
		Debug|anycpu = Debug|anycpu
		Release|anycpu = Release|anycpu
	EndGlobalSection
	GlobalSection(ProjectConfigurationPlatforms) = postSolution
		{251F3EC0-2E0D-43F3-99C6-4E92694009CC}.Debug|anycpu.ActiveCfg = Debug|anycpu
		{251F3EC0-2E0D-43F3-99C6-4E92694009CC}.Debug|anycpu.Build.0 = Debug|anycpu
		{251F3EC0-2E0D-43F3-99C6-4E92694009CC}.Release|anycpu.ActiveCfg = Release|anycpu
		{251F3EC0-2E0D-43F3-99C6-4E92694009CC}.Release|anycpu.Build.0 = Release|anycpu
	EndGlobalSection
EndGlobal
