
Microsoft Visual Studio Solution File, Format Version 12.00
# Visual Studio 15
Project("{FAE04EC0-301F-11D3-BF4B-00C04F79EFBC}") = "test5111", "test5111\test5111.csproj", "{5BE536D7-1F16-46E5-89B7-56AF5A2C4B45}"
EndProject
Global
	GlobalSection(SolutionConfigurationPlatforms) = preSolution
		Debug|anycpu = Debug|anycpu
		Release|anycpu = Release|anycpu
	EndGlobalSection
	GlobalSection(ProjectConfigurationPlatforms) = postSolution
		{5BE536D7-1F16-46E5-89B7-56AF5A2C4B45}.Debug|anycpu.ActiveCfg = Debug|anycpu
		{5BE536D7-1F16-46E5-89B7-56AF5A2C4B45}.Debug|anycpu.Build.0 = Debug|anycpu
		{5BE536D7-1F16-46E5-89B7-56AF5A2C4B45}.Release|anycpu.ActiveCfg = Release|anycpu
		{5BE536D7-1F16-46E5-89B7-56AF5A2C4B45}.Release|anycpu.Build.0 = Release|anycpu
	EndGlobalSection
EndGlobal
