
Microsoft Visual Studio Solution File, Format Version 12.00
# Visual Studio 15
Project("{FAE04EC0-301F-11D3-BF4B-00C04F79EFBC}") = "project412", "project412\project412.csproj", "{01925122-E9CA-4191-8440-3E70127E56EF}"
EndProject
Global
	GlobalSection(SolutionConfigurationPlatforms) = preSolution
		Debug|anycpu = Debug|anycpu
		Release|anycpu = Release|anycpu
	EndGlobalSection
	GlobalSection(ProjectConfigurationPlatforms) = postSolution
		{01925122-E9CA-4191-8440-3E70127E56EF}.Debug|anycpu.ActiveCfg = Debug|anycpu
		{01925122-E9CA-4191-8440-3E70127E56EF}.Debug|anycpu.Build.0 = Debug|anycpu
		{01925122-E9CA-4191-8440-3E70127E56EF}.Release|anycpu.ActiveCfg = Release|anycpu
		{01925122-E9CA-4191-8440-3E70127E56EF}.Release|anycpu.Build.0 = Release|anycpu
	EndGlobalSection
EndGlobal
