
Microsoft Visual Studio Solution File, Format Version 12.00
# Visual Studio 15
Project("{FAE04EC0-301F-11D3-BF4B-00C04F79EFBC}") = "test349", "test349\test349.csproj", "{5984A586-FD0A-42F3-9550-62F06DE2AB78}"
EndProject
Global
	GlobalSection(SolutionConfigurationPlatforms) = preSolution
		Debug|anycpu = Debug|anycpu
		Release|anycpu = Release|anycpu
	EndGlobalSection
	GlobalSection(ProjectConfigurationPlatforms) = postSolution
		{5984A586-FD0A-42F3-9550-62F06DE2AB78}.Debug|anycpu.ActiveCfg = Debug|anycpu
		{5984A586-FD0A-42F3-9550-62F06DE2AB78}.Debug|anycpu.Build.0 = Debug|anycpu
		{5984A586-FD0A-42F3-9550-62F06DE2AB78}.Release|anycpu.ActiveCfg = Release|anycpu
		{5984A586-FD0A-42F3-9550-62F06DE2AB78}.Release|anycpu.Build.0 = Release|anycpu
	EndGlobalSection
EndGlobal
