
Microsoft Visual Studio Solution File, Format Version 12.00
# Visual Studio 15
Project("{FAE04EC0-301F-11D3-BF4B-00C04F79EFBC}") = "test438", "test438\test438.csproj", "{4D3AF68A-A1A3-4F35-97AF-829FE9259862}"
EndProject
Global
	GlobalSection(SolutionConfigurationPlatforms) = preSolution
		Debug|anycpu = Debug|anycpu
		Release|anycpu = Release|anycpu
	EndGlobalSection
	GlobalSection(ProjectConfigurationPlatforms) = postSolution
		{4D3AF68A-A1A3-4F35-97AF-829FE9259862}.Debug|anycpu.ActiveCfg = Debug|anycpu
		{4D3AF68A-A1A3-4F35-97AF-829FE9259862}.Debug|anycpu.Build.0 = Debug|anycpu
		{4D3AF68A-A1A3-4F35-97AF-829FE9259862}.Release|anycpu.ActiveCfg = Release|anycpu
		{4D3AF68A-A1A3-4F35-97AF-829FE9259862}.Release|anycpu.Build.0 = Release|anycpu
	EndGlobalSection
EndGlobal
