
Microsoft Visual Studio Solution File, Format Version 12.00
# Visual Studio 15
Project("{FAE04EC0-301F-11D3-BF4B-00C04F79EFBC}") = "project344", "project344\project344.csproj", "{AF8AEDE1-1BFF-43D8-9E1C-0EEBAA6FB9E5}"
EndProject
Global
	GlobalSection(SolutionConfigurationPlatforms) = preSolution
		Debug|anycpu = Debug|anycpu
		Release|anycpu = Release|anycpu
	EndGlobalSection
	GlobalSection(ProjectConfigurationPlatforms) = postSolution
		{AF8AEDE1-1BFF-43D8-9E1C-0EEBAA6FB9E5}.Debug|anycpu.ActiveCfg = Debug|anycpu
		{AF8AEDE1-1BFF-43D8-9E1C-0EEBAA6FB9E5}.Debug|anycpu.Build.0 = Debug|anycpu
		{AF8AEDE1-1BFF-43D8-9E1C-0EEBAA6FB9E5}.Release|anycpu.ActiveCfg = Release|anycpu
		{AF8AEDE1-1BFF-43D8-9E1C-0EEBAA6FB9E5}.Release|anycpu.Build.0 = Release|anycpu
	EndGlobalSection
EndGlobal
