
Microsoft Visual Studio Solution File, Format Version 12.00
# Visual Studio 15
Project("{FAE04EC0-301F-11D3-BF4B-00C04F79EFBC}") = "test636", "test636\test636.csproj", "{20008B4F-6918-4015-B2BA-B162267E6630}"
EndProject
Global
	GlobalSection(SolutionConfigurationPlatforms) = preSolution
		Debug|anycpu = Debug|anycpu
		Release|anycpu = Release|anycpu
	EndGlobalSection
	GlobalSection(ProjectConfigurationPlatforms) = postSolution
		{20008B4F-6918-4015-B2BA-B162267E6630}.Debug|anycpu.ActiveCfg = Debug|anycpu
		{20008B4F-6918-4015-B2BA-B162267E6630}.Debug|anycpu.Build.0 = Debug|anycpu
		{20008B4F-6918-4015-B2BA-B162267E6630}.Release|anycpu.ActiveCfg = Release|anycpu
		{20008B4F-6918-4015-B2BA-B162267E6630}.Release|anycpu.Build.0 = Release|anycpu
	EndGlobalSection
EndGlobal
