
Microsoft Visual Studio Solution File, Format Version 12.00
# Visual Studio 15
Project("{FAE04EC0-301F-11D3-BF4B-00C04F79EFBC}") = "project513", "project513\project513.csproj", "{8CC493B5-C4BE-4651-A736-DFF0D1B9124C}"
EndProject
Global
	GlobalSection(SolutionConfigurationPlatforms) = preSolution
		Debug|anycpu = Debug|anycpu
		Release|anycpu = Release|anycpu
	EndGlobalSection
	GlobalSection(ProjectConfigurationPlatforms) = postSolution
		{8CC493B5-C4BE-4651-A736-DFF0D1B9124C}.Debug|anycpu.ActiveCfg = Debug|anycpu
		{8CC493B5-C4BE-4651-A736-DFF0D1B9124C}.Debug|anycpu.Build.0 = Debug|anycpu
		{8CC493B5-C4BE-4651-A736-DFF0D1B9124C}.Release|anycpu.ActiveCfg = Release|anycpu
		{8CC493B5-C4BE-4651-A736-DFF0D1B9124C}.Release|anycpu.Build.0 = Release|anycpu
	EndGlobalSection
EndGlobal
