
Microsoft Visual Studio Solution File, Format Version 12.00
# Visual Studio 15
Project("{FAE04EC0-301F-11D3-BF4B-00C04F79EFBC}") = "project591", "project591\project591.csproj", "{977F50CB-45B3-422E-BAA8-1F2804FA6C77}"
EndProject
Global
	GlobalSection(SolutionConfigurationPlatforms) = preSolution
		Debug|anycpu = Debug|anycpu
		Release|anycpu = Release|anycpu
	EndGlobalSection
	GlobalSection(ProjectConfigurationPlatforms) = postSolution
		{977F50CB-45B3-422E-BAA8-1F2804FA6C77}.Debug|anycpu.ActiveCfg = Debug|anycpu
		{977F50CB-45B3-422E-BAA8-1F2804FA6C77}.Debug|anycpu.Build.0 = Debug|anycpu
		{977F50CB-45B3-422E-BAA8-1F2804FA6C77}.Release|anycpu.ActiveCfg = Release|anycpu
		{977F50CB-45B3-422E-BAA8-1F2804FA6C77}.Release|anycpu.Build.0 = Release|anycpu
	EndGlobalSection
EndGlobal
