
Microsoft Visual Studio Solution File, Format Version 12.00
# Visual Studio 15
Project("{FAE04EC0-301F-11D3-BF4B-00C04F79EFBC}") = "project714", "project714\project714.csproj", "{89308779-7EBF-4B81-A408-11257EE8C15A}"
EndProject
Global
	GlobalSection(SolutionConfigurationPlatforms) = preSolution
		Debug|anycpu = Debug|anycpu
		Release|anycpu = Release|anycpu
	EndGlobalSection
	GlobalSection(ProjectConfigurationPlatforms) = postSolution
		{89308779-7EBF-4B81-A408-11257EE8C15A}.Debug|anycpu.ActiveCfg = Debug|anycpu
		{89308779-7EBF-4B81-A408-11257EE8C15A}.Debug|anycpu.Build.0 = Debug|anycpu
		{89308779-7EBF-4B81-A408-11257EE8C15A}.Release|anycpu.ActiveCfg = Release|anycpu
		{89308779-7EBF-4B81-A408-11257EE8C15A}.Release|anycpu.Build.0 = Release|anycpu
	EndGlobalSection
EndGlobal
