
Microsoft Visual Studio Solution File, Format Version 12.00
# Visual Studio 15
Project("{FAE04EC0-301F-11D3-BF4B-00C04F79EFBC}") = "project33", "project33\project33.csproj", "{580625EE-9B21-48AA-9E19-B37C6F2CC779}"
EndProject
Global
	GlobalSection(SolutionConfigurationPlatforms) = preSolution
		Debug|anycpu = Debug|anycpu
		Release|anycpu = Release|anycpu
	EndGlobalSection
	GlobalSection(ProjectConfigurationPlatforms) = postSolution
		{580625EE-9B21-48AA-9E19-B37C6F2CC779}.Debug|anycpu.ActiveCfg = Debug|anycpu
		{580625EE-9B21-48AA-9E19-B37C6F2CC779}.Debug|anycpu.Build.0 = Debug|anycpu
		{580625EE-9B21-48AA-9E19-B37C6F2CC779}.Release|anycpu.ActiveCfg = Release|anycpu
		{580625EE-9B21-48AA-9E19-B37C6F2CC779}.Release|anycpu.Build.0 = Release|anycpu
	EndGlobalSection
EndGlobal
