
Microsoft Visual Studio Solution File, Format Version 12.00
# Visual Studio 15
Project("{FAE04EC0-301F-11D3-BF4B-00C04F79EFBC}") = "project324", "project324\project324.csproj", "{1F9879DD-B16F-4CF1-B46C-F40ED264458E}"
EndProject
Global
	GlobalSection(SolutionConfigurationPlatforms) = preSolution
		Debug|anycpu = Debug|anycpu
		Release|anycpu = Release|anycpu
	EndGlobalSection
	GlobalSection(ProjectConfigurationPlatforms) = postSolution
		{1F9879DD-B16F-4CF1-B46C-F40ED264458E}.Debug|anycpu.ActiveCfg = Debug|anycpu
		{1F9879DD-B16F-4CF1-B46C-F40ED264458E}.Debug|anycpu.Build.0 = Debug|anycpu
		{1F9879DD-B16F-4CF1-B46C-F40ED264458E}.Release|anycpu.ActiveCfg = Release|anycpu
		{1F9879DD-B16F-4CF1-B46C-F40ED264458E}.Release|anycpu.Build.0 = Release|anycpu
	EndGlobalSection
EndGlobal
