
Microsoft Visual Studio Solution File, Format Version 12.00
# Visual Studio 15
Project("{FAE04EC0-301F-11D3-BF4B-00C04F79EFBC}") = "project334", "project334\project334.csproj", "{F95FB7B5-659C-49F1-A98F-B1A935F21C8D}"
EndProject
Global
	GlobalSection(SolutionConfigurationPlatforms) = preSolution
		Debug|anycpu = Debug|anycpu
		Release|anycpu = Release|anycpu
	EndGlobalSection
	GlobalSection(ProjectConfigurationPlatforms) = postSolution
		{F95FB7B5-659C-49F1-A98F-B1A935F21C8D}.Debug|anycpu.ActiveCfg = Debug|anycpu
		{F95FB7B5-659C-49F1-A98F-B1A935F21C8D}.Debug|anycpu.Build.0 = Debug|anycpu
		{F95FB7B5-659C-49F1-A98F-B1A935F21C8D}.Release|anycpu.ActiveCfg = Release|anycpu
		{F95FB7B5-659C-49F1-A98F-B1A935F21C8D}.Release|anycpu.Build.0 = Release|anycpu
	EndGlobalSection
EndGlobal
