
Microsoft Visual Studio Solution File, Format Version 12.00
# Visual Studio 15
Project("{FAE04EC0-301F-11D3-BF4B-00C04F79EFBC}") = "test5116", "test5116\test5116.csproj", "{954EE220-941A-4B86-9046-983E0707CFC5}"
EndProject
Global
	GlobalSection(SolutionConfigurationPlatforms) = preSolution
		Debug|anycpu = Debug|anycpu
		Release|anycpu = Release|anycpu
	EndGlobalSection
	GlobalSection(ProjectConfigurationPlatforms) = postSolution
		{954EE220-941A-4B86-9046-983E0707CFC5}.Debug|anycpu.ActiveCfg = Debug|anycpu
		{954EE220-941A-4B86-9046-983E0707CFC5}.Debug|anycpu.Build.0 = Debug|anycpu
		{954EE220-941A-4B86-9046-983E0707CFC5}.Release|anycpu.ActiveCfg = Release|anycpu
		{954EE220-941A-4B86-9046-983E0707CFC5}.Release|anycpu.Build.0 = Release|anycpu
	EndGlobalSection
EndGlobal
