
Microsoft Visual Studio Solution File, Format Version 12.00
# Visual Studio 15
Project("{FAE04EC0-301F-11D3-BF4B-00C04F79EFBC}") = "project624", "project624\project624.csproj", "{E19E5B9E-B4C1-461A-9A10-80F230010862}"
EndProject
Global
	GlobalSection(SolutionConfigurationPlatforms) = preSolution
		Debug|anycpu = Debug|anycpu
		Release|anycpu = Release|anycpu
	EndGlobalSection
	GlobalSection(ProjectConfigurationPlatforms) = postSolution
		{E19E5B9E-B4C1-461A-9A10-80F230010862}.Debug|anycpu.ActiveCfg = Debug|anycpu
		{E19E5B9E-B4C1-461A-9A10-80F230010862}.Debug|anycpu.Build.0 = Debug|anycpu
		{E19E5B9E-B4C1-461A-9A10-80F230010862}.Release|anycpu.ActiveCfg = Release|anycpu
		{E19E5B9E-B4C1-461A-9A10-80F230010862}.Release|anycpu.Build.0 = Release|anycpu
	EndGlobalSection
EndGlobal
