
Microsoft Visual Studio Solution File, Format Version 12.00
# Visual Studio 15
Project("{FAE04EC0-301F-11D3-BF4B-00C04F79EFBC}") = "project555", "project555\project555.csproj", "{EEF87B08-6C1E-49F2-85AC-8167DD78928C}"
EndProject
Global
	GlobalSection(SolutionConfigurationPlatforms) = preSolution
		Debug|anycpu = Debug|anycpu
		Release|anycpu = Release|anycpu
	EndGlobalSection
	GlobalSection(ProjectConfigurationPlatforms) = postSolution
		{EEF87B08-6C1E-49F2-85AC-8167DD78928C}.Debug|anycpu.ActiveCfg = Debug|anycpu
		{EEF87B08-6C1E-49F2-85AC-8167DD78928C}.Debug|anycpu.Build.0 = Debug|anycpu
		{EEF87B08-6C1E-49F2-85AC-8167DD78928C}.Release|anycpu.ActiveCfg = Release|anycpu
		{EEF87B08-6C1E-49F2-85AC-8167DD78928C}.Release|anycpu.Build.0 = Release|anycpu
	EndGlobalSection
EndGlobal
