
Microsoft Visual Studio Solution File, Format Version 12.00
# Visual Studio 15
Project("{FAE04EC0-301F-11D3-BF4B-00C04F79EFBC}") = "test435", "test435\test435.csproj", "{DACB2582-087D-44A1-BB8F-DFF186155F99}"
EndProject
Global
	GlobalSection(SolutionConfigurationPlatforms) = preSolution
		Debug|anycpu = Debug|anycpu
		Release|anycpu = Release|anycpu
	EndGlobalSection
	GlobalSection(ProjectConfigurationPlatforms) = postSolution
		{DACB2582-087D-44A1-BB8F-DFF186155F99}.Debug|anycpu.ActiveCfg = Debug|anycpu
		{DACB2582-087D-44A1-BB8F-DFF186155F99}.Debug|anycpu.Build.0 = Debug|anycpu
		{DACB2582-087D-44A1-BB8F-DFF186155F99}.Release|anycpu.ActiveCfg = Release|anycpu
		{DACB2582-087D-44A1-BB8F-DFF186155F99}.Release|anycpu.Build.0 = Release|anycpu
	EndGlobalSection
EndGlobal
