
Microsoft Visual Studio Solution File, Format Version 12.00
# Visual Studio 15
Project("{FAE04EC0-301F-11D3-BF4B-00C04F79EFBC}") = "project416", "project416\project416.csproj", "{D699EBBC-3839-4158-ACD3-AEDF26BBCCA5}"
EndProject
Global
	GlobalSection(SolutionConfigurationPlatforms) = preSolution
		Debug|anycpu = Debug|anycpu
		Release|anycpu = Release|anycpu
	EndGlobalSection
	GlobalSection(ProjectConfigurationPlatforms) = postSolution
		{D699EBBC-3839-4158-ACD3-AEDF26BBCCA5}.Debug|anycpu.ActiveCfg = Debug|anycpu
		{D699EBBC-3839-4158-ACD3-AEDF26BBCCA5}.Debug|anycpu.Build.0 = Debug|anycpu
		{D699EBBC-3839-4158-ACD3-AEDF26BBCCA5}.Release|anycpu.ActiveCfg = Release|anycpu
		{D699EBBC-3839-4158-ACD3-AEDF26BBCCA5}.Release|anycpu.Build.0 = Release|anycpu
	EndGlobalSection
EndGlobal
