
Microsoft Visual Studio Solution File, Format Version 12.00
# Visual Studio 15
Project("{FAE04EC0-301F-11D3-BF4B-00C04F79EFBC}") = "project522", "project522\project522.csproj", "{0F570B19-CEFC-4A29-B899-32B21040A13E}"
EndProject
Global
	GlobalSection(SolutionConfigurationPlatforms) = preSolution
		Debug|anycpu = Debug|anycpu
		Release|anycpu = Release|anycpu
	EndGlobalSection
	GlobalSection(ProjectConfigurationPlatforms) = postSolution
		{0F570B19-CEFC-4A29-B899-32B21040A13E}.Debug|anycpu.ActiveCfg = Debug|anycpu
		{0F570B19-CEFC-4A29-B899-32B21040A13E}.Debug|anycpu.Build.0 = Debug|anycpu
		{0F570B19-CEFC-4A29-B899-32B21040A13E}.Release|anycpu.ActiveCfg = Release|anycpu
		{0F570B19-CEFC-4A29-B899-32B21040A13E}.Release|anycpu.Build.0 = Release|anycpu
	EndGlobalSection
EndGlobal
