
Microsoft Visual Studio Solution File, Format Version 12.00
# Visual Studio 15
Project("{FAE04EC0-301F-11D3-BF4B-00C04F79EFBC}") = "project621", "project621\project621.csproj", "{4C55A60F-71AD-4B67-B9C2-763620B9DE50}"
EndProject
Global
	GlobalSection(SolutionConfigurationPlatforms) = preSolution
		Debug|anycpu = Debug|anycpu
		Release|anycpu = Release|anycpu
	EndGlobalSection
	GlobalSection(ProjectConfigurationPlatforms) = postSolution
		{4C55A60F-71AD-4B67-B9C2-763620B9DE50}.Debug|anycpu.ActiveCfg = Debug|anycpu
		{4C55A60F-71AD-4B67-B9C2-763620B9DE50}.Debug|anycpu.Build.0 = Debug|anycpu
		{4C55A60F-71AD-4B67-B9C2-763620B9DE50}.Release|anycpu.ActiveCfg = Release|anycpu
		{4C55A60F-71AD-4B67-B9C2-763620B9DE50}.Release|anycpu.Build.0 = Release|anycpu
	EndGlobalSection
EndGlobal
