
Microsoft Visual Studio Solution File, Format Version 12.00
# Visual Studio 15
Project("{FAE04EC0-301F-11D3-BF4B-00C04F79EFBC}") = "project583", "project583\project583.csproj", "{FD3E9D5F-5673-4862-A205-6877D09401BE}"
EndProject
Global
	GlobalSection(SolutionConfigurationPlatforms) = preSolution
		Debug|anycpu = Debug|anycpu
		Release|anycpu = Release|anycpu
	EndGlobalSection
	GlobalSection(ProjectConfigurationPlatforms) = postSolution
		{FD3E9D5F-5673-4862-A205-6877D09401BE}.Debug|anycpu.ActiveCfg = Debug|anycpu
		{FD3E9D5F-5673-4862-A205-6877D09401BE}.Debug|anycpu.Build.0 = Debug|anycpu
		{FD3E9D5F-5673-4862-A205-6877D09401BE}.Release|anycpu.ActiveCfg = Release|anycpu
		{FD3E9D5F-5673-4862-A205-6877D09401BE}.Release|anycpu.Build.0 = Release|anycpu
	EndGlobalSection
EndGlobal
