
Microsoft Visual Studio Solution File, Format Version 12.00
# Visual Studio 15
Project("{FAE04EC0-301F-11D3-BF4B-00C04F79EFBC}") = "project562", "project562\project562.csproj", "{F6F9A636-047D-4966-822C-56941B177301}"
EndProject
Global
	GlobalSection(SolutionConfigurationPlatforms) = preSolution
		Debug|anycpu = Debug|anycpu
		Release|anycpu = Release|anycpu
	EndGlobalSection
	GlobalSection(ProjectConfigurationPlatforms) = postSolution
		{F6F9A636-047D-4966-822C-56941B177301}.Debug|anycpu.ActiveCfg = Debug|anycpu
		{F6F9A636-047D-4966-822C-56941B177301}.Debug|anycpu.Build.0 = Debug|anycpu
		{F6F9A636-047D-4966-822C-56941B177301}.Release|anycpu.ActiveCfg = Release|anycpu
		{F6F9A636-047D-4966-822C-56941B177301}.Release|anycpu.Build.0 = Release|anycpu
	EndGlobalSection
EndGlobal
