
Microsoft Visual Studio Solution File, Format Version 12.00
# Visual Studio 15
Project("{FAE04EC0-301F-11D3-BF4B-00C04F79EFBC}") = "project332", "project332\project332.csproj", "{1B32907C-E21E-44D6-8128-7B3F797DC02D}"
EndProject
Global
	GlobalSection(SolutionConfigurationPlatforms) = preSolution
		Debug|anycpu = Debug|anycpu
		Release|anycpu = Release|anycpu
	EndGlobalSection
	GlobalSection(ProjectConfigurationPlatforms) = postSolution
		{1B32907C-E21E-44D6-8128-7B3F797DC02D}.Debug|anycpu.ActiveCfg = Debug|anycpu
		{1B32907C-E21E-44D6-8128-7B3F797DC02D}.Debug|anycpu.Build.0 = Debug|anycpu
		{1B32907C-E21E-44D6-8128-7B3F797DC02D}.Release|anycpu.ActiveCfg = Release|anycpu
		{1B32907C-E21E-44D6-8128-7B3F797DC02D}.Release|anycpu.Build.0 = Release|anycpu
	EndGlobalSection
EndGlobal
