
Microsoft Visual Studio Solution File, Format Version 12.00
# Visual Studio 15
Project("{FAE04EC0-301F-11D3-BF4B-00C04F79EFBC}") = "project337", "project337\project337.csproj", "{E6BE462D-7305-4BDD-B1C1-09B5FDAC7FF5}"
EndProject
Global
	GlobalSection(SolutionConfigurationPlatforms) = preSolution
		Debug|anycpu = Debug|anycpu
		Release|anycpu = Release|anycpu
	EndGlobalSection
	GlobalSection(ProjectConfigurationPlatforms) = postSolution
		{E6BE462D-7305-4BDD-B1C1-09B5FDAC7FF5}.Debug|anycpu.ActiveCfg = Debug|anycpu
		{E6BE462D-7305-4BDD-B1C1-09B5FDAC7FF5}.Debug|anycpu.Build.0 = Debug|anycpu
		{E6BE462D-7305-4BDD-B1C1-09B5FDAC7FF5}.Release|anycpu.ActiveCfg = Release|anycpu
		{E6BE462D-7305-4BDD-B1C1-09B5FDAC7FF5}.Release|anycpu.Build.0 = Release|anycpu
	EndGlobalSection
EndGlobal
