
Microsoft Visual Studio Solution File, Format Version 12.00
# Visual Studio 15
Project("{FAE04EC0-301F-11D3-BF4B-00C04F79EFBC}") = "project511v2", "project511v2\project511v2.csproj", "{8798E71C-14C9-4A1D-9F48-AED38B879454}"
EndProject
Global
	GlobalSection(SolutionConfigurationPlatforms) = preSolution
		Debug|anycpu = Debug|anycpu
		Release|anycpu = Release|anycpu
	EndGlobalSection
	GlobalSection(ProjectConfigurationPlatforms) = postSolution
		{8798E71C-14C9-4A1D-9F48-AED38B879454}.Debug|anycpu.ActiveCfg = Debug|anycpu
		{8798E71C-14C9-4A1D-9F48-AED38B879454}.Debug|anycpu.Build.0 = Debug|anycpu
		{8798E71C-14C9-4A1D-9F48-AED38B879454}.Release|anycpu.ActiveCfg = Release|anycpu
		{8798E71C-14C9-4A1D-9F48-AED38B879454}.Release|anycpu.Build.0 = Release|anycpu
	EndGlobalSection
EndGlobal
