
Microsoft Visual Studio Solution File, Format Version 12.00
# Visual Studio 15
Project("{FAE04EC0-301F-11D3-BF4B-00C04F79EFBC}") = "project5104", "project5104\project5104.csproj", "{0AFFCE6B-EEC9-4B6B-9ADA-5D9B8320FEDB}"
EndProject
Global
	GlobalSection(SolutionConfigurationPlatforms) = preSolution
		Debug|anycpu = Debug|anycpu
		Release|anycpu = Release|anycpu
	EndGlobalSection
	GlobalSection(ProjectConfigurationPlatforms) = postSolution
		{0AFFCE6B-EEC9-4B6B-9ADA-5D9B8320FEDB}.Debug|anycpu.ActiveCfg = Debug|anycpu
		{0AFFCE6B-EEC9-4B6B-9ADA-5D9B8320FEDB}.Debug|anycpu.Build.0 = Debug|anycpu
		{0AFFCE6B-EEC9-4B6B-9ADA-5D9B8320FEDB}.Release|anycpu.ActiveCfg = Release|anycpu
		{0AFFCE6B-EEC9-4B6B-9ADA-5D9B8320FEDB}.Release|anycpu.Build.0 = Release|anycpu
	EndGlobalSection
EndGlobal
