
Microsoft Visual Studio Solution File, Format Version 12.00
# Visual Studio 15
Project("{FAE04EC0-301F-11D3-BF4B-00C04F79EFBC}") = "project612", "project612\project612.csproj", "{3363B0FD-3A8C-4341-97F8-91D7E4D4614D}"
EndProject
Global
	GlobalSection(SolutionConfigurationPlatforms) = preSolution
		Debug|anycpu = Debug|anycpu
		Release|anycpu = Release|anycpu
	EndGlobalSection
	GlobalSection(ProjectConfigurationPlatforms) = postSolution
		{3363B0FD-3A8C-4341-97F8-91D7E4D4614D}.Debug|anycpu.ActiveCfg = Debug|anycpu
		{3363B0FD-3A8C-4341-97F8-91D7E4D4614D}.Debug|anycpu.Build.0 = Debug|anycpu
		{3363B0FD-3A8C-4341-97F8-91D7E4D4614D}.Release|anycpu.ActiveCfg = Release|anycpu
		{3363B0FD-3A8C-4341-97F8-91D7E4D4614D}.Release|anycpu.Build.0 = Release|anycpu
	EndGlobalSection
EndGlobal
