
Microsoft Visual Studio Solution File, Format Version 12.00
# Visual Studio 15
Project("{FAE04EC0-301F-11D3-BF4B-00C04F79EFBC}") = "project3210", "project3210\project3210.csproj", "{374E2D94-1589-4E13-9E21-227875099291}"
EndProject
Global
	GlobalSection(SolutionConfigurationPlatforms) = preSolution
		Debug|anycpu = Debug|anycpu
		Release|anycpu = Release|anycpu
	EndGlobalSection
	GlobalSection(ProjectConfigurationPlatforms) = postSolution
		{374E2D94-1589-4E13-9E21-227875099291}.Debug|anycpu.ActiveCfg = Debug|anycpu
		{374E2D94-1589-4E13-9E21-227875099291}.Debug|anycpu.Build.0 = Debug|anycpu
		{374E2D94-1589-4E13-9E21-227875099291}.Release|anycpu.ActiveCfg = Release|anycpu
		{374E2D94-1589-4E13-9E21-227875099291}.Release|anycpu.Build.0 = Release|anycpu
	EndGlobalSection
EndGlobal
