
Microsoft Visual Studio Solution File, Format Version 12.00
# Visual Studio 15
Project("{FAE04EC0-301F-11D3-BF4B-00C04F79EFBC}") = "test4314", "test4314\test4314.csproj", "{4FC8E85C-8D25-4CFC-96E0-B0018685C37C}"
EndProject
Global
	GlobalSection(SolutionConfigurationPlatforms) = preSolution
		Debug|anycpu = Debug|anycpu
		Release|anycpu = Release|anycpu
	EndGlobalSection
	GlobalSection(ProjectConfigurationPlatforms) = postSolution
		{4FC8E85C-8D25-4CFC-96E0-B0018685C37C}.Debug|anycpu.ActiveCfg = Debug|anycpu
		{4FC8E85C-8D25-4CFC-96E0-B0018685C37C}.Debug|anycpu.Build.0 = Debug|anycpu
		{4FC8E85C-8D25-4CFC-96E0-B0018685C37C}.Release|anycpu.ActiveCfg = Release|anycpu
		{4FC8E85C-8D25-4CFC-96E0-B0018685C37C}.Release|anycpu.Build.0 = Release|anycpu
	EndGlobalSection
EndGlobal
