
Microsoft Visual Studio Solution File, Format Version 12.00
# Visual Studio 15
Project("{FAE04EC0-301F-11D3-BF4B-00C04F79EFBC}") = "411", "411\411.csproj", "{53E2F0F0-FF4A-4FAC-A56C-ACCE9696C5DF}"
EndProject
Global
	GlobalSection(SolutionConfigurationPlatforms) = preSolution
		Debug|anycpu = Debug|anycpu
		Release|anycpu = Release|anycpu
	EndGlobalSection
	GlobalSection(ProjectConfigurationPlatforms) = postSolution
		{53E2F0F0-FF4A-4FAC-A56C-ACCE9696C5DF}.Debug|anycpu.ActiveCfg = Debug|anycpu
		{53E2F0F0-FF4A-4FAC-A56C-ACCE9696C5DF}.Debug|anycpu.Build.0 = Debug|anycpu
		{53E2F0F0-FF4A-4FAC-A56C-ACCE9696C5DF}.Release|anycpu.ActiveCfg = Release|anycpu
		{53E2F0F0-FF4A-4FAC-A56C-ACCE9696C5DF}.Release|anycpu.Build.0 = Release|anycpu
	EndGlobalSection
EndGlobal
