
Microsoft Visual Studio Solution File, Format Version 12.00
# Visual Studio 15
Project("{FAE04EC0-301F-11D3-BF4B-00C04F79EFBC}") = "project426", "project426\project426.csproj", "{D9E22E45-1181-4C0F-9CF7-4A478F7EB1D7}"
EndProject
Global
	GlobalSection(SolutionConfigurationPlatforms) = preSolution
		Debug|anycpu = Debug|anycpu
		Release|anycpu = Release|anycpu
	EndGlobalSection
	GlobalSection(ProjectConfigurationPlatforms) = postSolution
		{D9E22E45-1181-4C0F-9CF7-4A478F7EB1D7}.Debug|anycpu.ActiveCfg = Debug|anycpu
		{D9E22E45-1181-4C0F-9CF7-4A478F7EB1D7}.Debug|anycpu.Build.0 = Debug|anycpu
		{D9E22E45-1181-4C0F-9CF7-4A478F7EB1D7}.Release|anycpu.ActiveCfg = Release|anycpu
		{D9E22E45-1181-4C0F-9CF7-4A478F7EB1D7}.Release|anycpu.Build.0 = Release|anycpu
	EndGlobalSection
EndGlobal
