
Microsoft Visual Studio Solution File, Format Version 12.00
# Visual Studio 15
Project("{FAE04EC0-301F-11D3-BF4B-00C04F79EFBC}") = "project594", "project594\project594.csproj", "{BA7E8C53-50E6-484F-83D1-7939DAE8712D}"
EndProject
Global
	GlobalSection(SolutionConfigurationPlatforms) = preSolution
		Debug|anycpu = Debug|anycpu
		Release|anycpu = Release|anycpu
	EndGlobalSection
	GlobalSection(ProjectConfigurationPlatforms) = postSolution
		{BA7E8C53-50E6-484F-83D1-7939DAE8712D}.Debug|anycpu.ActiveCfg = Debug|anycpu
		{BA7E8C53-50E6-484F-83D1-7939DAE8712D}.Debug|anycpu.Build.0 = Debug|anycpu
		{BA7E8C53-50E6-484F-83D1-7939DAE8712D}.Release|anycpu.ActiveCfg = Release|anycpu
		{BA7E8C53-50E6-484F-83D1-7939DAE8712D}.Release|anycpu.Build.0 = Release|anycpu
	EndGlobalSection
EndGlobal
