
Microsoft Visual Studio Solution File, Format Version 12.00
# Visual Studio 15
Project("{FAE04EC0-301F-11D3-BF4B-00C04F79EFBC}") = "project418", "project418\project418.csproj", "{099C0DAC-A3E1-4B97-B94D-21974E9B2954}"
EndProject
Global
	GlobalSection(SolutionConfigurationPlatforms) = preSolution
		Debug|anycpu = Debug|anycpu
		Release|anycpu = Release|anycpu
	EndGlobalSection
	GlobalSection(ProjectConfigurationPlatforms) = postSolution
		{099C0DAC-A3E1-4B97-B94D-21974E9B2954}.Debug|anycpu.ActiveCfg = Debug|anycpu
		{099C0DAC-A3E1-4B97-B94D-21974E9B2954}.Debug|anycpu.Build.0 = Debug|anycpu
		{099C0DAC-A3E1-4B97-B94D-21974E9B2954}.Release|anycpu.ActiveCfg = Release|anycpu
		{099C0DAC-A3E1-4B97-B94D-21974E9B2954}.Release|anycpu.Build.0 = Release|anycpu
	EndGlobalSection
EndGlobal
