
Microsoft Visual Studio Solution File, Format Version 12.00
# Visual Studio 15
Project("{FAE04EC0-301F-11D3-BF4B-00C04F79EFBC}") = "project331", "project331\project331.csproj", "{889312E7-41B6-4D86-BF62-6DDC8D6E3831}"
EndProject
Global
	GlobalSection(SolutionConfigurationPlatforms) = preSolution
		Debug|anycpu = Debug|anycpu
		Release|anycpu = Release|anycpu
	EndGlobalSection
	GlobalSection(ProjectConfigurationPlatforms) = postSolution
		{889312E7-41B6-4D86-BF62-6DDC8D6E3831}.Debug|anycpu.ActiveCfg = Debug|anycpu
		{889312E7-41B6-4D86-BF62-6DDC8D6E3831}.Debug|anycpu.Build.0 = Debug|anycpu
		{889312E7-41B6-4D86-BF62-6DDC8D6E3831}.Release|anycpu.ActiveCfg = Release|anycpu
		{889312E7-41B6-4D86-BF62-6DDC8D6E3831}.Release|anycpu.Build.0 = Release|anycpu
	EndGlobalSection
EndGlobal
