
Microsoft Visual Studio Solution File, Format Version 12.00
# Visual Studio 15
Project("{FAE04EC0-301F-11D3-BF4B-00C04F79EFBC}") = "test637", "test637\test637.csproj", "{A403FDBB-4726-4440-BBA7-58CF6D3D0139}"
EndProject
Global
	GlobalSection(SolutionConfigurationPlatforms) = preSolution
		Debug|anycpu = Debug|anycpu
		Release|anycpu = Release|anycpu
	EndGlobalSection
	GlobalSection(ProjectConfigurationPlatforms) = postSolution
		{A403FDBB-4726-4440-BBA7-58CF6D3D0139}.Debug|anycpu.ActiveCfg = Debug|anycpu
		{A403FDBB-4726-4440-BBA7-58CF6D3D0139}.Debug|anycpu.Build.0 = Debug|anycpu
		{A403FDBB-4726-4440-BBA7-58CF6D3D0139}.Release|anycpu.ActiveCfg = Release|anycpu
		{A403FDBB-4726-4440-BBA7-58CF6D3D0139}.Release|anycpu.Build.0 = Release|anycpu
	EndGlobalSection
EndGlobal
